
Microsoft Visual Studio Solution File, Format Version 12.00
# Visual Studio 2013
VisualStudioVersion = 12.0.21005.1
MinimumVisualStudioVersion = 10.0.40219.1
Project("{FAE04EC0-301F-11D3-BF4B-00C04F79EFBC}") = "CacheIt.Web.Mvc", "CacheIt.Web.Mvc\CacheIt.Web.Mvc.csproj", "{5D9E9F32-B179-4DF7-93EF-32A83BB4C281}"
EndProject
Project("{FAE04EC0-301F-11D3-BF4B-00C04F79EFBC}") = "CacheIt.Web", "CacheIt.Web\CacheIt.Web.csproj", "{A7439144-1BBE-4CBC-8F33-7AF1BA3897E4}"
EndProject
Project("{FAE04EC0-301F-11D3-BF4B-00C04F79EFBC}") = "CacheIt", "CacheIt\CacheIt.csproj", "{82BE94D9-3C7E-41F6-A18E-C2ADF429F9A4}"
EndProject
Project("{2150E333-8FDC-42A3-9474-1A3956D46DE8}") = "Solution Items", "Solution Items", "{0B38BBBC-C1EE-47D5-B00A-64FB59F62733}"
	ProjectSection(SolutionItems) = preProject
		CacheIt.vsmdi = CacheIt.vsmdi
		Local.testsettings = Local.testsettings
		README.md = README.md
		TraceAndTestImpact.testsettings = TraceAndTestImpact.testsettings
	EndProjectSection
EndProject
Project("{2150E333-8FDC-42A3-9474-1A3956D46DE8}") = "Tests", "Tests", "{DD1066DC-6128-43F0-98A6-182C7E9419A9}"
EndProject
Project("{FAE04EC0-301F-11D3-BF4B-00C04F79EFBC}") = "CacheIt.UnitTests", "CacheIt.UnitTests\CacheIt.UnitTests.csproj", "{8FE6F17E-EC43-4ACB-A740-C13FD96394A1}"
EndProject
Project("{FAE04EC0-301F-11D3-BF4B-00C04F79EFBC}") = "CacheIt.AppFabric", "CacheIt.AppFabric\CacheIt.AppFabric.csproj", "{D526E74D-F9B6-4480-9F31-876165DB7172}"
EndProject
Project("{2150E333-8FDC-42A3-9474-1A3956D46DE8}") = ".nuget", ".nuget", "{02FCF211-C71D-497A-A7CF-5FFEDC9C5557}"
	ProjectSection(SolutionItems) = preProject
		.nuget\NuGet.Config = .nuget\NuGet.Config
		.nuget\NuGet.exe = .nuget\NuGet.exe
		.nuget\NuGet.targets = .nuget\NuGet.targets
	EndProjectSection
EndProject
Project("{FAE04EC0-301F-11D3-BF4B-00C04F79EFBC}") = "CacheIt.Lucene", "CacheIt.Lucene\CacheIt.Lucene.csproj", "{2DEAC10F-C29E-4521-855F-7D4828472A44}"
EndProject
Project("{FAE04EC0-301F-11D3-BF4B-00C04F79EFBC}") = "CacheIt.Lucene.UnitTests", "CacheIt.Lucene.UnitTests\CacheIt.Lucene.UnitTests.csproj", "{E1E944E4-3BA8-4A7C-8716-D6A715557E37}"
EndProject
Project("{FAE04EC0-301F-11D3-BF4B-00C04F79EFBC}") = "CacheIt.IntegrationTests", "CacheIt.IntegrationTests\CacheIt.IntegrationTests.csproj", "{7583EB33-1A09-48F2-8DC4-6D6DA4E41A93}"
EndProject
Project("{FAE04EC0-301F-11D3-BF4B-00C04F79EFBC}") = "CacheIt.Wacel", "CacheIt.Wacel\CacheIt.Wacel.csproj", "{E837E4E8-04AF-491D-93B8-33F35777E788}"
EndProject
Project("{FAE04EC0-301F-11D3-BF4B-00C04F79EFBC}") = "CacheIt.NCache", "CacheIt.NCache\CacheIt.NCache.csproj", "{751E887B-2588-4A2A-A7BB-C84A34D0E111}"
EndProject
Project("{FAE04EC0-301F-11D3-BF4B-00C04F79EFBC}") = "CacheIt.NHibernate", "CacheIt.NHibernate\CacheIt.NHibernate.csproj", "{F88DC220-0B02-4FC6-8C10-01B9A7104015}"
EndProject
Project("{FAE04EC0-301F-11D3-BF4B-00C04F79EFBC}") = "CacheIt.EntityFramework", "CacheIt.EntityFramework\CacheIt.EntityFramework.csproj", "{0053E4A8-BEEF-4656-A3CD-A3DEF681978B}"
EndProject
Project("{FAE04EC0-301F-11D3-BF4B-00C04F79EFBC}") = "CacheIt.Memcached", "CacheIt.Memcached\CacheIt.Memcached.csproj", "{B242A197-89A5-4DF7-82B5-DB27FB3CE78E}"
EndProject
Project("{FAE04EC0-301F-11D3-BF4B-00C04F79EFBC}") = "CacheIt.Redis", "CacheIt.Redis\CacheIt.Redis.csproj", "{48AEF7D3-5A8D-44D9-BEF6-6A040DDBBFF8}"
EndProject
Project("{FAE04EC0-301F-11D3-BF4B-00C04F79EFBC}") = "CacheIt.Ioc.Unity", "CacheIt.Ioc.Unity\CacheIt.Ioc.Unity.csproj", "{4022F7F6-77EF-4D95-8F25-8DB896AE9881}"
EndProject
Global
	GlobalSection(SolutionConfigurationPlatforms) = preSolution
		Debug|Any CPU = Debug|Any CPU
		Release|Any CPU = Release|Any CPU
	EndGlobalSection
	GlobalSection(ProjectConfigurationPlatforms) = postSolution
		{5D9E9F32-B179-4DF7-93EF-32A83BB4C281}.Debug|Any CPU.ActiveCfg = Debug|Any CPU
		{5D9E9F32-B179-4DF7-93EF-32A83BB4C281}.Debug|Any CPU.Build.0 = Debug|Any CPU
		{5D9E9F32-B179-4DF7-93EF-32A83BB4C281}.Release|Any CPU.ActiveCfg = Release|Any CPU
		{5D9E9F32-B179-4DF7-93EF-32A83BB4C281}.Release|Any CPU.Build.0 = Release|Any CPU
		{A7439144-1BBE-4CBC-8F33-7AF1BA3897E4}.Debug|Any CPU.ActiveCfg = Debug|Any CPU
		{A7439144-1BBE-4CBC-8F33-7AF1BA3897E4}.Debug|Any CPU.Build.0 = Debug|Any CPU
		{A7439144-1BBE-4CBC-8F33-7AF1BA3897E4}.Release|Any CPU.ActiveCfg = Release|Any CPU
		{A7439144-1BBE-4CBC-8F33-7AF1BA3897E4}.Release|Any CPU.Build.0 = Release|Any CPU
		{82BE94D9-3C7E-41F6-A18E-C2ADF429F9A4}.Debug|Any CPU.ActiveCfg = Debug|Any CPU
		{82BE94D9-3C7E-41F6-A18E-C2ADF429F9A4}.Debug|Any CPU.Build.0 = Debug|Any CPU
		{82BE94D9-3C7E-41F6-A18E-C2ADF429F9A4}.Release|Any CPU.ActiveCfg = Release|Any CPU
		{82BE94D9-3C7E-41F6-A18E-C2ADF429F9A4}.Release|Any CPU.Build.0 = Release|Any CPU
		{8FE6F17E-EC43-4ACB-A740-C13FD96394A1}.Debug|Any CPU.ActiveCfg = Debug|Any CPU
		{8FE6F17E-EC43-4ACB-A740-C13FD96394A1}.Debug|Any CPU.Build.0 = Debug|Any CPU
		{8FE6F17E-EC43-4ACB-A740-C13FD96394A1}.Release|Any CPU.ActiveCfg = Release|Any CPU
		{8FE6F17E-EC43-4ACB-A740-C13FD96394A1}.Release|Any CPU.Build.0 = Release|Any CPU
		{D526E74D-F9B6-4480-9F31-876165DB7172}.Debug|Any CPU.ActiveCfg = Debug|Any CPU
		{D526E74D-F9B6-4480-9F31-876165DB7172}.Debug|Any CPU.Build.0 = Debug|Any CPU
		{D526E74D-F9B6-4480-9F31-876165DB7172}.Release|Any CPU.ActiveCfg = Release|Any CPU
		{D526E74D-F9B6-4480-9F31-876165DB7172}.Release|Any CPU.Build.0 = Release|Any CPU
		{2DEAC10F-C29E-4521-855F-7D4828472A44}.Debug|Any CPU.ActiveCfg = Debug|Any CPU
		{2DEAC10F-C29E-4521-855F-7D4828472A44}.Debug|Any CPU.Build.0 = Debug|Any CPU
		{2DEAC10F-C29E-4521-855F-7D4828472A44}.Release|Any CPU.ActiveCfg = Release|Any CPU
		{2DEAC10F-C29E-4521-855F-7D4828472A44}.Release|Any CPU.Build.0 = Release|Any CPU
		{E1E944E4-3BA8-4A7C-8716-D6A715557E37}.Debug|Any CPU.ActiveCfg = Debug|Any CPU
		{E1E944E4-3BA8-4A7C-8716-D6A715557E37}.Debug|Any CPU.Build.0 = Debug|Any CPU
		{E1E944E4-3BA8-4A7C-8716-D6A715557E37}.Release|Any CPU.ActiveCfg = Release|Any CPU
		{E1E944E4-3BA8-4A7C-8716-D6A715557E37}.Release|Any CPU.Build.0 = Release|Any CPU
		{7583EB33-1A09-48F2-8DC4-6D6DA4E41A93}.Debug|Any CPU.ActiveCfg = Debug|Any CPU
		{7583EB33-1A09-48F2-8DC4-6D6DA4E41A93}.Debug|Any CPU.Build.0 = Debug|Any CPU
		{7583EB33-1A09-48F2-8DC4-6D6DA4E41A93}.Release|Any CPU.ActiveCfg = Release|Any CPU
		{7583EB33-1A09-48F2-8DC4-6D6DA4E41A93}.Release|Any CPU.Build.0 = Release|Any CPU
		{E837E4E8-04AF-491D-93B8-33F35777E788}.Debug|Any CPU.ActiveCfg = Debug|Any CPU
		{E837E4E8-04AF-491D-93B8-33F35777E788}.Debug|Any CPU.Build.0 = Debug|Any CPU
		{E837E4E8-04AF-491D-93B8-33F35777E788}.Release|Any CPU.ActiveCfg = Release|Any CPU
		{E837E4E8-04AF-491D-93B8-33F35777E788}.Release|Any CPU.Build.0 = Release|Any CPU
		{751E887B-2588-4A2A-A7BB-C84A34D0E111}.Debug|Any CPU.ActiveCfg = Debug|Any CPU
		{751E887B-2588-4A2A-A7BB-C84A34D0E111}.Debug|Any CPU.Build.0 = Debug|Any CPU
		{751E887B-2588-4A2A-A7BB-C84A34D0E111}.Release|Any CPU.ActiveCfg = Release|Any CPU
		{751E887B-2588-4A2A-A7BB-C84A34D0E111}.Release|Any CPU.Build.0 = Release|Any CPU
		{F88DC220-0B02-4FC6-8C10-01B9A7104015}.Debug|Any CPU.ActiveCfg = Debug|Any CPU
		{F88DC220-0B02-4FC6-8C10-01B9A7104015}.Debug|Any CPU.Build.0 = Debug|Any CPU
		{F88DC220-0B02-4FC6-8C10-01B9A7104015}.Release|Any CPU.ActiveCfg = Release|Any CPU
		{F88DC220-0B02-4FC6-8C10-01B9A7104015}.Release|Any CPU.Build.0 = Release|Any CPU
		{0053E4A8-BEEF-4656-A3CD-A3DEF681978B}.Debug|Any CPU.ActiveCfg = Debug|Any CPU
		{0053E4A8-BEEF-4656-A3CD-A3DEF681978B}.Debug|Any CPU.Build.0 = Debug|Any CPU
		{0053E4A8-BEEF-4656-A3CD-A3DEF681978B}.Release|Any CPU.ActiveCfg = Release|Any CPU
		{0053E4A8-BEEF-4656-A3CD-A3DEF681978B}.Release|Any CPU.Build.0 = Release|Any CPU
		{B242A197-89A5-4DF7-82B5-DB27FB3CE78E}.Debug|Any CPU.ActiveCfg = Debug|Any CPU
		{B242A197-89A5-4DF7-82B5-DB27FB3CE78E}.Debug|Any CPU.Build.0 = Debug|Any CPU
		{B242A197-89A5-4DF7-82B5-DB27FB3CE78E}.Release|Any CPU.ActiveCfg = Release|Any CPU
		{B242A197-89A5-4DF7-82B5-DB27FB3CE78E}.Release|Any CPU.Build.0 = Release|Any CPU
		{48AEF7D3-5A8D-44D9-BEF6-6A040DDBBFF8}.Debug|Any CPU.ActiveCfg = Debug|Any CPU
		{48AEF7D3-5A8D-44D9-BEF6-6A040DDBBFF8}.Debug|Any CPU.Build.0 = Debug|Any CPU
		{48AEF7D3-5A8D-44D9-BEF6-6A040DDBBFF8}.Release|Any CPU.ActiveCfg = Release|Any CPU
		{48AEF7D3-5A8D-44D9-BEF6-6A040DDBBFF8}.Release|Any CPU.Build.0 = Release|Any CPU
		{4022F7F6-77EF-4D95-8F25-8DB896AE9881}.Debug|Any CPU.ActiveCfg = Debug|Any CPU
		{4022F7F6-77EF-4D95-8F25-8DB896AE9881}.Debug|Any CPU.Build.0 = Debug|Any CPU
		{4022F7F6-77EF-4D95-8F25-8DB896AE9881}.Release|Any CPU.ActiveCfg = Release|Any CPU
		{4022F7F6-77EF-4D95-8F25-8DB896AE9881}.Release|Any CPU.Build.0 = Release|Any CPU
	EndGlobalSection
	GlobalSection(SolutionProperties) = preSolution
		HideSolutionNode = FALSE
	EndGlobalSection
	GlobalSection(NestedProjects) = preSolution
		{8FE6F17E-EC43-4ACB-A740-C13FD96394A1} = {DD1066DC-6128-43F0-98A6-182C7E9419A9}
		{E1E944E4-3BA8-4A7C-8716-D6A715557E37} = {DD1066DC-6128-43F0-98A6-182C7E9419A9}
		{7583EB33-1A09-48F2-8DC4-6D6DA4E41A93} = {DD1066DC-6128-43F0-98A6-182C7E9419A9}
	EndGlobalSection
	GlobalSection(ExtensibilityGlobals) = postSolution
		EnterpriseLibraryConfigurationToolBinariesPath = packages\Unity.2.1.505.2\lib\NET35
	EndGlobalSection
	GlobalSection(TestCaseManagementSettings) = postSolution
		CategoryFile = CacheIt.vsmdi
	EndGlobalSection
EndGlobal
